
Microsoft Visual Studio Solution File, Format Version 12.00
# Visual Studio Version 17
VisualStudioVersion = 17.6.33723.286
MinimumVisualStudioVersion = 10.0.40219.1
Project("{FAE04EC0-301F-11D3-BF4B-00C04F79EFBC}") = "CityInfo", "CityInfo\CityInfo.csproj", "{13AD2004-6D88-4258-AC75-6EF98FFFBF7A}"
EndProject
Global
	GlobalSection(SolutionConfigurationPlatforms) = preSolution
		Debug|Any CPU = Debug|Any CPU
		Release|Any CPU = Release|Any CPU
	EndGlobalSection
	GlobalSection(ProjectConfigurationPlatforms) = postSolution
		{13AD2004-6D88-4258-AC75-6EF98FFFBF7A}.Debug|Any CPU.ActiveCfg = Debug|Any CPU
		{13AD2004-6D88-4258-AC75-6EF98FFFBF7A}.Debug|Any CPU.Build.0 = Debug|Any CPU
		{13AD2004-6D88-4258-AC75-6EF98FFFBF7A}.Release|Any CPU.ActiveCfg = Release|Any CPU
		{13AD2004-6D88-4258-AC75-6EF98FFFBF7A}.Release|Any CPU.Build.0 = Release|Any CPU
	EndGlobalSection
	GlobalSection(SolutionProperties) = preSolution
		HideSolutionNode = FALSE
	EndGlobalSection
	GlobalSection(ExtensibilityGlobals) = postSolution
		SolutionGuid = {8CF31861-99FE-465F-AD42-AB5322B1DFF8}
	EndGlobalSection
EndGlobal
