
Microsoft Visual Studio Solution File, Format Version 12.00
# Visual Studio Version 17
VisualStudioVersion = 17.6.33723.286
MinimumVisualStudioVersion = 10.0.40219.1
Project("{FAE04EC0-301F-11D3-BF4B-00C04F79EFBC}") = "Tanulas-nappal-06-09", "Tanulas-nappal-06-09\Tanulas-nappal-06-09.csproj", "{61C56B8D-BC9A-42E8-B8DB-9E2C980D6065}"
EndProject
Global
	GlobalSection(SolutionConfigurationPlatforms) = preSolution
		Debug|Any CPU = Debug|Any CPU
		Release|Any CPU = Release|Any CPU
	EndGlobalSection
	GlobalSection(ProjectConfigurationPlatforms) = postSolution
		{61C56B8D-BC9A-42E8-B8DB-9E2C980D6065}.Debug|Any CPU.ActiveCfg = Debug|Any CPU
		{61C56B8D-BC9A-42E8-B8DB-9E2C980D6065}.Debug|Any CPU.Build.0 = Debug|Any CPU
		{61C56B8D-BC9A-42E8-B8DB-9E2C980D6065}.Release|Any CPU.ActiveCfg = Release|Any CPU
		{61C56B8D-BC9A-42E8-B8DB-9E2C980D6065}.Release|Any CPU.Build.0 = Release|Any CPU
	EndGlobalSection
	GlobalSection(SolutionProperties) = preSolution
		HideSolutionNode = FALSE
	EndGlobalSection
	GlobalSection(ExtensibilityGlobals) = postSolution
		SolutionGuid = {636BBD09-77F7-4F61-B803-81B1AD1C327B}
	EndGlobalSection
EndGlobal
