
Microsoft Visual Studio Solution File, Format Version 12.00
# Visual Studio Version 17
VisualStudioVersion = 17.6.33723.286
MinimumVisualStudioVersion = 10.0.40219.1
Project("{FAE04EC0-301F-11D3-BF4B-00C04F79EFBC}") = "Animals", "Animals\Animals.csproj", "{91152479-6817-47A4-B846-FECFCAE70F69}"
EndProject
Global
	GlobalSection(SolutionConfigurationPlatforms) = preSolution
		Debug|Any CPU = Debug|Any CPU
		Release|Any CPU = Release|Any CPU
	EndGlobalSection
	GlobalSection(ProjectConfigurationPlatforms) = postSolution
		{91152479-6817-47A4-B846-FECFCAE70F69}.Debug|Any CPU.ActiveCfg = Debug|Any CPU
		{91152479-6817-47A4-B846-FECFCAE70F69}.Debug|Any CPU.Build.0 = Debug|Any CPU
		{91152479-6817-47A4-B846-FECFCAE70F69}.Release|Any CPU.ActiveCfg = Release|Any CPU
		{91152479-6817-47A4-B846-FECFCAE70F69}.Release|Any CPU.Build.0 = Release|Any CPU
	EndGlobalSection
	GlobalSection(SolutionProperties) = preSolution
		HideSolutionNode = FALSE
	EndGlobalSection
	GlobalSection(ExtensibilityGlobals) = postSolution
		SolutionGuid = {62800C86-7F33-4DD7-AD22-878B0A430ED5}
	EndGlobalSection
EndGlobal
