
Microsoft Visual Studio Solution File, Format Version 12.00
# Visual Studio Version 17
VisualStudioVersion = 17.6.33723.286
MinimumVisualStudioVersion = 10.0.40219.1
Project("{FAE04EC0-301F-11D3-BF4B-00C04F79EFBC}") = "Hazi-06-07", "Hazi-06-07\Hazi-06-07.csproj", "{3095569A-FF30-43C9-A98B-907AA765FE0E}"
EndProject
Global
	GlobalSection(SolutionConfigurationPlatforms) = preSolution
		Debug|Any CPU = Debug|Any CPU
		Release|Any CPU = Release|Any CPU
	EndGlobalSection
	GlobalSection(ProjectConfigurationPlatforms) = postSolution
		{3095569A-FF30-43C9-A98B-907AA765FE0E}.Debug|Any CPU.ActiveCfg = Debug|Any CPU
		{3095569A-FF30-43C9-A98B-907AA765FE0E}.Debug|Any CPU.Build.0 = Debug|Any CPU
		{3095569A-FF30-43C9-A98B-907AA765FE0E}.Release|Any CPU.ActiveCfg = Release|Any CPU
		{3095569A-FF30-43C9-A98B-907AA765FE0E}.Release|Any CPU.Build.0 = Release|Any CPU
	EndGlobalSection
	GlobalSection(SolutionProperties) = preSolution
		HideSolutionNode = FALSE
	EndGlobalSection
	GlobalSection(ExtensibilityGlobals) = postSolution
		SolutionGuid = {03A97788-7A9A-4FE8-8841-47ED45CBECF0}
	EndGlobalSection
EndGlobal
